
Microsoft Visual Studio Solution File, Format Version 12.00
# Visual Studio Version 17
VisualStudioVersion = 17.11.35327.3
MinimumVisualStudioVersion = 10.0.40219.1
Project("{FAE04EC0-301F-11D3-BF4B-00C04F79EFBC}") = "MicroURL", "MicroURL\MicroURL.csproj", "{ABFBF765-6AA2-4903-AD4E-E3004F779175}"
EndProject
Project("{FAE04EC0-301F-11D3-BF4B-00C04F79EFBC}") = "MicroURLCore", "MicroURLCore\MicroURLCore.csproj", "{8F97736E-8D5B-4312-99C8-EE7BBC908452}"
EndProject
Project("{FAE04EC0-301F-11D3-BF4B-00C04F79EFBC}") = "MicroURLData", "MicroURLData\MicroURLData.csproj", "{6DD06D45-A5F0-4189-AEB1-E7256B817403}"
EndProject
Global
	GlobalSection(SolutionConfigurationPlatforms) = preSolution
		Debug|Any CPU = Debug|Any CPU
		Release|Any CPU = Release|Any CPU
	EndGlobalSection
	GlobalSection(ProjectConfigurationPlatforms) = postSolution
		{ABFBF765-6AA2-4903-AD4E-E3004F779175}.Debug|Any CPU.ActiveCfg = Debug|Any CPU
		{ABFBF765-6AA2-4903-AD4E-E3004F779175}.Debug|Any CPU.Build.0 = Debug|Any CPU
		{ABFBF765-6AA2-4903-AD4E-E3004F779175}.Release|Any CPU.ActiveCfg = Release|Any CPU
		{ABFBF765-6AA2-4903-AD4E-E3004F779175}.Release|Any CPU.Build.0 = Release|Any CPU
		{8F97736E-8D5B-4312-99C8-EE7BBC908452}.Debug|Any CPU.ActiveCfg = Debug|Any CPU
		{8F97736E-8D5B-4312-99C8-EE7BBC908452}.Debug|Any CPU.Build.0 = Debug|Any CPU
		{8F97736E-8D5B-4312-99C8-EE7BBC908452}.Release|Any CPU.ActiveCfg = Release|Any CPU
		{8F97736E-8D5B-4312-99C8-EE7BBC908452}.Release|Any CPU.Build.0 = Release|Any CPU
		{6DD06D45-A5F0-4189-AEB1-E7256B817403}.Debug|Any CPU.ActiveCfg = Debug|Any CPU
		{6DD06D45-A5F0-4189-AEB1-E7256B817403}.Debug|Any CPU.Build.0 = Debug|Any CPU
		{6DD06D45-A5F0-4189-AEB1-E7256B817403}.Release|Any CPU.ActiveCfg = Release|Any CPU
		{6DD06D45-A5F0-4189-AEB1-E7256B817403}.Release|Any CPU.Build.0 = Release|Any CPU
	EndGlobalSection
	GlobalSection(SolutionProperties) = preSolution
		HideSolutionNode = FALSE
	EndGlobalSection
	GlobalSection(ExtensibilityGlobals) = postSolution
		SolutionGuid = {76263580-9D51-476F-A6D9-111D0514D40B}
	EndGlobalSection
EndGlobal
